
Microsoft Visual Studio Solution File, Format Version 12.00
# Visual Studio Version 16
VisualStudioVersion = 16.0.30907.101
MinimumVisualStudioVersion = 10.0.40219.1
Project("{FAE04EC0-301F-11D3-BF4B-00C04F79EFBC}") = "DungeonProjectVersion2", "DungeonProjectVersion2.csproj", "{67A45968-C59A-48BD-AC71-3B905E654AB7}"
EndProject
Global
	GlobalSection(SolutionConfigurationPlatforms) = preSolution
		Debug|Any CPU = Debug|Any CPU
		Release|Any CPU = Release|Any CPU
	EndGlobalSection
	GlobalSection(ProjectConfigurationPlatforms) = postSolution
		{67A45968-C59A-48BD-AC71-3B905E654AB7}.Debug|Any CPU.ActiveCfg = Debug|Any CPU
		{67A45968-C59A-48BD-AC71-3B905E654AB7}.Debug|Any CPU.Build.0 = Debug|Any CPU
		{67A45968-C59A-48BD-AC71-3B905E654AB7}.Release|Any CPU.ActiveCfg = Release|Any CPU
		{67A45968-C59A-48BD-AC71-3B905E654AB7}.Release|Any CPU.Build.0 = Release|Any CPU
	EndGlobalSection
	GlobalSection(SolutionProperties) = preSolution
		HideSolutionNode = FALSE
	EndGlobalSection
	GlobalSection(ExtensibilityGlobals) = postSolution
		SolutionGuid = {92BB7718-4402-4711-9B4D-657A9B87408C}
	EndGlobalSection
EndGlobal
